
Microsoft Visual Studio Solution File, Format Version 12.00
# Visual Studio Version 17
VisualStudioVersion = 17.5.33516.290
MinimumVisualStudioVersion = 10.0.40219.1
Project("{FAE04EC0-301F-11D3-BF4B-00C04F79EFBC}") = "SC_Translations", "SC_Translations\SC_Translations.csproj", "{0A215BD3-37B4-42B2-A7AB-CB54560A4FA6}"
EndProject
Global
	GlobalSection(SolutionConfigurationPlatforms) = preSolution
		Debug|Any CPU = Debug|Any CPU
		Release|Any CPU = Release|Any CPU
	EndGlobalSection
	GlobalSection(ProjectConfigurationPlatforms) = postSolution
		{0A215BD3-37B4-42B2-A7AB-CB54560A4FA6}.Debug|Any CPU.ActiveCfg = Debug|Any CPU
		{0A215BD3-37B4-42B2-A7AB-CB54560A4FA6}.Debug|Any CPU.Build.0 = Debug|Any CPU
		{0A215BD3-37B4-42B2-A7AB-CB54560A4FA6}.Release|Any CPU.ActiveCfg = Release|Any CPU
		{0A215BD3-37B4-42B2-A7AB-CB54560A4FA6}.Release|Any CPU.Build.0 = Release|Any CPU
	EndGlobalSection
	GlobalSection(SolutionProperties) = preSolution
		HideSolutionNode = FALSE
	EndGlobalSection
	GlobalSection(ExtensibilityGlobals) = postSolution
		SolutionGuid = {48345067-E372-4996-BEDF-D7DB0E2986D2}
	EndGlobalSection
EndGlobal
